{
    "_meta": {
        "hash": {
            "sha256": "d0fb9c388ad4ddfdc503e1a607d3e4400c9a68d0611ec22270d3082e8fd68230"
        },
        "pipfile-spec": 6,
        "requires": {
            "python_version": "3.10"
        },
        "sources": [
            {
                "name": "pypi",
                "url": "https://pypi.org/simple",
                "verify_ssl": true
            }
        ]
    },
    "default": {
        "random2": {
            "hashes": [
                "sha256:3754fcef48267567cd5705fa7da6bbc3809cb3f808740313e6705acc3c057e77",
                "sha256:c2b92ac9d28f94d3759075302c12f94e3dcc09f2d1c9e9f65fdbbb1d6b710024"
            ],
            "index": "pypi",
            "version": "==1.0.2"
        }
    },
    "develop": {}
}
